
Microsoft Visual Studio Solution File, Format Version 12.00
# Visual Studio Version 17
VisualStudioVersion = 17.14.36414.22
MinimumVisualStudioVersion = 10.0.40219.1
Project("{FAE04EC0-301F-11D3-BF4B-00C04F79EFBC}") = "Tasker", "Tasker\Tasker.csproj", "{1E6FD990-D321-4EB9-BF5E-5086E265A3C2}"
EndProject
Project("{FAE04EC0-301F-11D3-BF4B-00C04F79EFBC}") = "Tasker.Tests", "Tasker.Tests\Tasker.Tests.csproj", "{E382C611-30FC-4F14-B139-EAE5F6950F89}"
EndProject
Global
	GlobalSection(SolutionConfigurationPlatforms) = preSolution
		Debug|Any CPU = Debug|Any CPU
		Debug|x64 = Debug|x64
		Debug|x86 = Debug|x86
		Release|Any CPU = Release|Any CPU
		Release|x64 = Release|x64
		Release|x86 = Release|x86
	EndGlobalSection
	GlobalSection(ProjectConfigurationPlatforms) = postSolution
		{1E6FD990-D321-4EB9-BF5E-5086E265A3C2}.Debug|Any CPU.ActiveCfg = Debug|Any CPU
		{1E6FD990-D321-4EB9-BF5E-5086E265A3C2}.Debug|Any CPU.Build.0 = Debug|Any CPU
		{1E6FD990-D321-4EB9-BF5E-5086E265A3C2}.Debug|x64.ActiveCfg = Debug|Any CPU
		{1E6FD990-D321-4EB9-BF5E-5086E265A3C2}.Debug|x64.Build.0 = Debug|Any CPU
		{1E6FD990-D321-4EB9-BF5E-5086E265A3C2}.Debug|x86.ActiveCfg = Debug|Any CPU
		{1E6FD990-D321-4EB9-BF5E-5086E265A3C2}.Debug|x86.Build.0 = Debug|Any CPU
		{1E6FD990-D321-4EB9-BF5E-5086E265A3C2}.Release|Any CPU.ActiveCfg = Release|Any CPU
		{1E6FD990-D321-4EB9-BF5E-5086E265A3C2}.Release|Any CPU.Build.0 = Release|Any CPU
		{1E6FD990-D321-4EB9-BF5E-5086E265A3C2}.Release|x64.ActiveCfg = Release|Any CPU
		{1E6FD990-D321-4EB9-BF5E-5086E265A3C2}.Release|x64.Build.0 = Release|Any CPU
		{1E6FD990-D321-4EB9-BF5E-5086E265A3C2}.Release|x86.ActiveCfg = Release|Any CPU
		{1E6FD990-D321-4EB9-BF5E-5086E265A3C2}.Release|x86.Build.0 = Release|Any CPU
		{E382C611-30FC-4F14-B139-EAE5F6950F89}.Debug|Any CPU.ActiveCfg = Debug|Any CPU
		{E382C611-30FC-4F14-B139-EAE5F6950F89}.Debug|Any CPU.Build.0 = Debug|Any CPU
		{E382C611-30FC-4F14-B139-EAE5F6950F89}.Debug|x64.ActiveCfg = Debug|Any CPU
		{E382C611-30FC-4F14-B139-EAE5F6950F89}.Debug|x64.Build.0 = Debug|Any CPU
		{E382C611-30FC-4F14-B139-EAE5F6950F89}.Debug|x86.ActiveCfg = Debug|Any CPU
		{E382C611-30FC-4F14-B139-EAE5F6950F89}.Debug|x86.Build.0 = Debug|Any CPU
		{E382C611-30FC-4F14-B139-EAE5F6950F89}.Release|Any CPU.ActiveCfg = Release|Any CPU
		{E382C611-30FC-4F14-B139-EAE5F6950F89}.Release|Any CPU.Build.0 = Release|Any CPU
		{E382C611-30FC-4F14-B139-EAE5F6950F89}.Release|x64.ActiveCfg = Release|Any CPU
		{E382C611-30FC-4F14-B139-EAE5F6950F89}.Release|x64.Build.0 = Release|Any CPU
		{E382C611-30FC-4F14-B139-EAE5F6950F89}.Release|x86.ActiveCfg = Release|Any CPU
		{E382C611-30FC-4F14-B139-EAE5F6950F89}.Release|x86.Build.0 = Release|Any CPU
	EndGlobalSection
	GlobalSection(SolutionProperties) = preSolution
		HideSolutionNode = FALSE
	EndGlobalSection
	GlobalSection(ExtensibilityGlobals) = postSolution
		SolutionGuid = {DC4E7D59-00B4-44C4-8D3B-92273238DA79}
	EndGlobalSection
EndGlobal
